
Microsoft Visual Studio Solution File, Format Version 12.00
# Visual Studio Version 17
VisualStudioVersion = 17.8.34316.72
MinimumVisualStudioVersion = 10.0.40219.1
Project("{9A19103F-16F7-4668-BE54-9A1E7A4F7556}") = "OPP", "OPP\OPP.csproj", "{FF0E3671-34E6-4906-AC5E-1559F8CD8070}"
EndProject
Project("{2150E333-8FDC-42A3-9474-1A3956D46DE8}") = "Abstract", "Abstract", "{829F668D-E583-4C8A-8643-7CBF019C2A26}"
EndProject
Project("{FAE04EC0-301F-11D3-BF4B-00C04F79EFBC}") = "AbstractClass", "AbstractClass\AbstractClass.csproj", "{50B4275D-4E3F-4161-B9AD-69A5474173B3}"
EndProject
Project("{2150E333-8FDC-42A3-9474-1A3956D46DE8}") = "Encapsulation Access modifier", "Encapsulation Access modifier", "{B28BF8F0-8CBC-4594-8D68-306714474462}"
EndProject
Project("{9A19103F-16F7-4668-BE54-9A1E7A4F7556}") = "AccessModify", "AccessModify\AccessModify.csproj", "{2454B1C9-7931-402F-B947-F144ED2A7F82}"
EndProject
Project("{9A19103F-16F7-4668-BE54-9A1E7A4F7556}") = "AccessModifyCont", "AccessModifyCont\AccessModifyCont.csproj", "{86595DBA-8D7D-4358-90BF-04B65B25310F}"
EndProject
Project("{2150E333-8FDC-42A3-9474-1A3956D46DE8}") = "Polymorphism", "Polymorphism", "{2294F9EE-C5DA-466C-A6F6-89B2AB81F494}"
EndProject
Project("{9A19103F-16F7-4668-BE54-9A1E7A4F7556}") = "CalsPoly", "CalsPoly\CalsPoly.csproj", "{932BF10C-7275-44FF-A8AE-A6BE675B1ECC}"
EndProject
Project("{9A19103F-16F7-4668-BE54-9A1E7A4F7556}") = "InterfaceCSharp", "InterfaceCSharp\InterfaceCSharp.csproj", "{2C8CCA9B-A063-4718-AAFE-5E1C89E74A4C}"
EndProject
Project("{2150E333-8FDC-42A3-9474-1A3956D46DE8}") = "ListCSharp", "ListCSharp", "{94862D4A-FF3C-493A-8CF9-9035C1CA9262}"
EndProject
Project("{2150E333-8FDC-42A3-9474-1A3956D46DE8}") = "ExtensionMethod", "ExtensionMethod", "{042E1F76-40B5-41AC-AFBB-F234274287D1}"
EndProject
Project("{FAE04EC0-301F-11D3-BF4B-00C04F79EFBC}") = "ReviewExtensionMethod", "ReviewExtensionMethod\ReviewExtensionMethod.csproj", "{64B85E21-FE37-4FE8-AF68-2834C4060DC5}"
EndProject
Project("{FAE04EC0-301F-11D3-BF4B-00C04F79EFBC}") = "ListandLinq", "ListandLinq\ListandLinq.csproj", "{80DBCFF6-07EF-4F8B-BDB3-80ACE5E92327}"
EndProject
Project("{2150E333-8FDC-42A3-9474-1A3956D46DE8}") = "Exercise", "Exercise", "{C21ED94A-42D0-469B-B985-A77C498F0731}"
EndProject
Project("{FAE04EC0-301F-11D3-BF4B-00C04F79EFBC}") = "Exer1", "Exer1\Exer1.csproj", "{08852FD5-9A25-4C63-9ABA-B4D686523A3C}"
EndProject
Global
	GlobalSection(SolutionConfigurationPlatforms) = preSolution
		Debug|Any CPU = Debug|Any CPU
		Release|Any CPU = Release|Any CPU
	EndGlobalSection
	GlobalSection(ProjectConfigurationPlatforms) = postSolution
		{FF0E3671-34E6-4906-AC5E-1559F8CD8070}.Debug|Any CPU.ActiveCfg = Debug|Any CPU
		{FF0E3671-34E6-4906-AC5E-1559F8CD8070}.Debug|Any CPU.Build.0 = Debug|Any CPU
		{FF0E3671-34E6-4906-AC5E-1559F8CD8070}.Release|Any CPU.ActiveCfg = Release|Any CPU
		{FF0E3671-34E6-4906-AC5E-1559F8CD8070}.Release|Any CPU.Build.0 = Release|Any CPU
		{50B4275D-4E3F-4161-B9AD-69A5474173B3}.Debug|Any CPU.ActiveCfg = Debug|Any CPU
		{50B4275D-4E3F-4161-B9AD-69A5474173B3}.Debug|Any CPU.Build.0 = Debug|Any CPU
		{50B4275D-4E3F-4161-B9AD-69A5474173B3}.Release|Any CPU.ActiveCfg = Release|Any CPU
		{50B4275D-4E3F-4161-B9AD-69A5474173B3}.Release|Any CPU.Build.0 = Release|Any CPU
		{2454B1C9-7931-402F-B947-F144ED2A7F82}.Debug|Any CPU.ActiveCfg = Debug|Any CPU
		{2454B1C9-7931-402F-B947-F144ED2A7F82}.Debug|Any CPU.Build.0 = Debug|Any CPU
		{2454B1C9-7931-402F-B947-F144ED2A7F82}.Release|Any CPU.ActiveCfg = Release|Any CPU
		{2454B1C9-7931-402F-B947-F144ED2A7F82}.Release|Any CPU.Build.0 = Release|Any CPU
		{86595DBA-8D7D-4358-90BF-04B65B25310F}.Debug|Any CPU.ActiveCfg = Debug|Any CPU
		{86595DBA-8D7D-4358-90BF-04B65B25310F}.Debug|Any CPU.Build.0 = Debug|Any CPU
		{86595DBA-8D7D-4358-90BF-04B65B25310F}.Release|Any CPU.ActiveCfg = Release|Any CPU
		{86595DBA-8D7D-4358-90BF-04B65B25310F}.Release|Any CPU.Build.0 = Release|Any CPU
		{932BF10C-7275-44FF-A8AE-A6BE675B1ECC}.Debug|Any CPU.ActiveCfg = Debug|Any CPU
		{932BF10C-7275-44FF-A8AE-A6BE675B1ECC}.Debug|Any CPU.Build.0 = Debug|Any CPU
		{932BF10C-7275-44FF-A8AE-A6BE675B1ECC}.Release|Any CPU.ActiveCfg = Release|Any CPU
		{932BF10C-7275-44FF-A8AE-A6BE675B1ECC}.Release|Any CPU.Build.0 = Release|Any CPU
		{2C8CCA9B-A063-4718-AAFE-5E1C89E74A4C}.Debug|Any CPU.ActiveCfg = Debug|Any CPU
		{2C8CCA9B-A063-4718-AAFE-5E1C89E74A4C}.Debug|Any CPU.Build.0 = Debug|Any CPU
		{2C8CCA9B-A063-4718-AAFE-5E1C89E74A4C}.Release|Any CPU.ActiveCfg = Release|Any CPU
		{2C8CCA9B-A063-4718-AAFE-5E1C89E74A4C}.Release|Any CPU.Build.0 = Release|Any CPU
		{64B85E21-FE37-4FE8-AF68-2834C4060DC5}.Debug|Any CPU.ActiveCfg = Debug|Any CPU
		{64B85E21-FE37-4FE8-AF68-2834C4060DC5}.Debug|Any CPU.Build.0 = Debug|Any CPU
		{64B85E21-FE37-4FE8-AF68-2834C4060DC5}.Release|Any CPU.ActiveCfg = Release|Any CPU
		{64B85E21-FE37-4FE8-AF68-2834C4060DC5}.Release|Any CPU.Build.0 = Release|Any CPU
		{80DBCFF6-07EF-4F8B-BDB3-80ACE5E92327}.Debug|Any CPU.ActiveCfg = Debug|Any CPU
		{80DBCFF6-07EF-4F8B-BDB3-80ACE5E92327}.Debug|Any CPU.Build.0 = Debug|Any CPU
		{80DBCFF6-07EF-4F8B-BDB3-80ACE5E92327}.Release|Any CPU.ActiveCfg = Release|Any CPU
		{80DBCFF6-07EF-4F8B-BDB3-80ACE5E92327}.Release|Any CPU.Build.0 = Release|Any CPU
		{08852FD5-9A25-4C63-9ABA-B4D686523A3C}.Debug|Any CPU.ActiveCfg = Debug|Any CPU
		{08852FD5-9A25-4C63-9ABA-B4D686523A3C}.Debug|Any CPU.Build.0 = Debug|Any CPU
		{08852FD5-9A25-4C63-9ABA-B4D686523A3C}.Release|Any CPU.ActiveCfg = Release|Any CPU
		{08852FD5-9A25-4C63-9ABA-B4D686523A3C}.Release|Any CPU.Build.0 = Release|Any CPU
	EndGlobalSection
	GlobalSection(SolutionProperties) = preSolution
		HideSolutionNode = FALSE
	EndGlobalSection
	GlobalSection(NestedProjects) = preSolution
		{50B4275D-4E3F-4161-B9AD-69A5474173B3} = {829F668D-E583-4C8A-8643-7CBF019C2A26}
		{2454B1C9-7931-402F-B947-F144ED2A7F82} = {B28BF8F0-8CBC-4594-8D68-306714474462}
		{86595DBA-8D7D-4358-90BF-04B65B25310F} = {B28BF8F0-8CBC-4594-8D68-306714474462}
		{932BF10C-7275-44FF-A8AE-A6BE675B1ECC} = {2294F9EE-C5DA-466C-A6F6-89B2AB81F494}
		{2C8CCA9B-A063-4718-AAFE-5E1C89E74A4C} = {2294F9EE-C5DA-466C-A6F6-89B2AB81F494}
		{64B85E21-FE37-4FE8-AF68-2834C4060DC5} = {042E1F76-40B5-41AC-AFBB-F234274287D1}
		{80DBCFF6-07EF-4F8B-BDB3-80ACE5E92327} = {94862D4A-FF3C-493A-8CF9-9035C1CA9262}
		{08852FD5-9A25-4C63-9ABA-B4D686523A3C} = {C21ED94A-42D0-469B-B985-A77C498F0731}
	EndGlobalSection
	GlobalSection(ExtensibilityGlobals) = postSolution
		SolutionGuid = {976DD488-30B8-48BE-8091-7F578C979EAB}
	EndGlobalSection
EndGlobal
